
Microsoft Visual Studio Solution File, Format Version 12.00
# Visual Studio Express 2012 for Windows Desktop
Project("{8BC9CEB8-8B4A-11D0-8D11-00A0C91BC942}") = "Project5", "Project5\Project5.vcxproj", "{A4DD8DCA-5608-4C6E-8777-CC5FF3B60F31}"
EndProject
Global
	GlobalSection(SolutionConfigurationPlatforms) = preSolution
		Debug|Win32 = Debug|Win32
		Release|Win32 = Release|Win32
	EndGlobalSection
	GlobalSection(ProjectConfigurationPlatforms) = postSolution
		{A4DD8DCA-5608-4C6E-8777-CC5FF3B60F31}.Debug|Win32.ActiveCfg = Debug|Win32
		{A4DD8DCA-5608-4C6E-8777-CC5FF3B60F31}.Debug|Win32.Build.0 = Debug|Win32
		{A4DD8DCA-5608-4C6E-8777-CC5FF3B60F31}.Release|Win32.ActiveCfg = Release|Win32
		{A4DD8DCA-5608-4C6E-8777-CC5FF3B60F31}.Release|Win32.Build.0 = Release|Win32
	EndGlobalSection
	GlobalSection(SolutionProperties) = preSolution
		HideSolutionNode = FALSE
	EndGlobalSection
EndGlobal
